
Microsoft Visual Studio Solution File, Format Version 12.00
# Visual Studio Version 17
VisualStudioVersion = 17.0.31903.59
MinimumVisualStudioVersion = 10.0.40219.1
Project("{2150E333-8FDC-42A3-9474-1A3956D46DE8}") = "src", "src", "{06B8C085-0452-40C6-8785-8872E05FF534}"
EndProject
Project("{9A19103F-16F7-4668-BE54-9A1E7A4F7556}") = "ImageGalleryApp.Api", "src\ImageGalleryApp.Api\ImageGalleryApp.Api.csproj", "{BA2D2A5D-0146-465B-994B-D019991DE4C7}"
EndProject
Project("{9A19103F-16F7-4668-BE54-9A1E7A4F7556}") = "ImageGalleryApp.Core", "src\ImageGalleryApp.Core\ImageGalleryApp.Core.csproj", "{34F94377-1870-4454-8FE6-EC12B43592A7}"
EndProject
Project("{9A19103F-16F7-4668-BE54-9A1E7A4F7556}") = "ImageGalleryApp.Infrastructure", "src\ImageGalleryApp.Infrastructure\ImageGalleryApp.Infrastructure.csproj", "{EEC1A2D4-C360-4390-9529-359A4E52343F}"
EndProject
Project("{2150E333-8FDC-42A3-9474-1A3956D46DE8}") = "Solution Items", "Solution Items", "{75C98327-DDAE-44FA-A590-DB292C09B79A}"
	ProjectSection(SolutionItems) = preProject
		.editorconfig = .editorconfig
		.gitignore = .gitignore
		.config\dotnet-tools.json = .config\dotnet-tools.json
		global.json = global.json
		README.md = README.md
	EndProjectSection
EndProject
Global
	GlobalSection(SolutionConfigurationPlatforms) = preSolution
		Debug|Any CPU = Debug|Any CPU
		Release|Any CPU = Release|Any CPU
	EndGlobalSection
	GlobalSection(ProjectConfigurationPlatforms) = postSolution
		{BA2D2A5D-0146-465B-994B-D019991DE4C7}.Debug|Any CPU.ActiveCfg = Debug|Any CPU
		{BA2D2A5D-0146-465B-994B-D019991DE4C7}.Debug|Any CPU.Build.0 = Debug|Any CPU
		{BA2D2A5D-0146-465B-994B-D019991DE4C7}.Release|Any CPU.ActiveCfg = Release|Any CPU
		{BA2D2A5D-0146-465B-994B-D019991DE4C7}.Release|Any CPU.Build.0 = Release|Any CPU
		{34F94377-1870-4454-8FE6-EC12B43592A7}.Debug|Any CPU.ActiveCfg = Debug|Any CPU
		{34F94377-1870-4454-8FE6-EC12B43592A7}.Debug|Any CPU.Build.0 = Debug|Any CPU
		{34F94377-1870-4454-8FE6-EC12B43592A7}.Release|Any CPU.ActiveCfg = Release|Any CPU
		{34F94377-1870-4454-8FE6-EC12B43592A7}.Release|Any CPU.Build.0 = Release|Any CPU
		{EEC1A2D4-C360-4390-9529-359A4E52343F}.Debug|Any CPU.ActiveCfg = Debug|Any CPU
		{EEC1A2D4-C360-4390-9529-359A4E52343F}.Debug|Any CPU.Build.0 = Debug|Any CPU
		{EEC1A2D4-C360-4390-9529-359A4E52343F}.Release|Any CPU.ActiveCfg = Release|Any CPU
		{EEC1A2D4-C360-4390-9529-359A4E52343F}.Release|Any CPU.Build.0 = Release|Any CPU
	EndGlobalSection
	GlobalSection(SolutionProperties) = preSolution
		HideSolutionNode = FALSE
	EndGlobalSection
	GlobalSection(NestedProjects) = preSolution
		{BA2D2A5D-0146-465B-994B-D019991DE4C7} = {06B8C085-0452-40C6-8785-8872E05FF534}
		{34F94377-1870-4454-8FE6-EC12B43592A7} = {06B8C085-0452-40C6-8785-8872E05FF534}
		{EEC1A2D4-C360-4390-9529-359A4E52343F} = {06B8C085-0452-40C6-8785-8872E05FF534}
	EndGlobalSection
	GlobalSection(ExtensibilityGlobals) = postSolution
		SolutionGuid = {99AE571C-AFC0-4AD7-951F-B967AF6CC07F}
	EndGlobalSection
EndGlobal
